// !$*UTF8*$!
{
	archiveVersion = 1;
	classes = {
	};
	objectVersion = 46;
	objects = {

/* Begin PBXBuildFile section */
		A8F5B6111ACD03E700A91BC5 /* main.m in Sources */ = {isa = PBXBuildFile; fileRef = A8F5B6101ACD03E700A91BC5 /* main.m */; };
		A8F5B6141ACD03E700A91BC5 /* ALRAppDelegate.m in Sources */ = {isa = PBXBuildFile; fileRef = A8F5B6131ACD03E700A91BC5 /* ALRAppDelegate.m */; };
		A8F5B61C1ACD03E700A91BC5 /* Images.xcassets in Resources */ = {isa = PBXBuildFile; fileRef = A8F5B61B1ACD03E700A91BC5 /* Images.xcassets */; };
		A8F5B61F1ACD03E700A91BC5 /* LaunchScreen.xib in Resources */ = {isa = PBXBuildFile; fileRef = A8F5B61D1ACD03E700A91BC5 /* LaunchScreen.xib */; };
		A8F5B62B1ACD03E700A91BC5 /* AutoLayoutRecipesTests.m in Sources */ = {isa = PBXBuildFile; fileRef = A8F5B62A1ACD03E700A91BC5 /* AutoLayoutRecipesTests.m */; };
		A8F5B6361ACD04A800A91BC5 /* ALRMainMenuViewController.m in Sources */ = {isa = PBXBuildFile; fileRef = A8F5B6351ACD04A800A91BC5 /* ALRMainMenuViewController.m */; };
/* End PBXBuildFile section */

/* Begin PBXContainerItemProxy section */
		A8F5B6251ACD03E700A91BC5 /* PBXContainerItemProxy */ = {
			isa = PBXContainerItemProxy;
			containerPortal = A8F5B6031ACD03E700A91BC5 /* Project object */;
			proxyType = 1;
			remoteGlobalIDString = A8F5B60A1ACD03E700A91BC5;
			remoteInfo = AutoLayoutRecipes;
		};
/* End PBXContainerItemProxy section */

/* Begin PBXFileReference section */
		A8F5B60B1ACD03E700A91BC5 /* AutoLayoutRecipes.app */ = {isa = PBXFileReference; explicitFileType = wrapper.application; includeInIndex = 0; path = AutoLayoutRecipes.app; sourceTree = BUILT_PRODUCTS_DIR; };
		A8F5B60F1ACD03E700A91BC5 /* Info.plist */ = {isa = PBXFileReference; lastKnownFileType = text.plist.xml; path = Info.plist; sourceTree = "<group>"; };
		A8F5B6101ACD03E700A91BC5 /* main.m */ = {isa = PBXFileReference; lastKnownFileType = sourcecode.c.objc; path = main.m; sourceTree = "<group>"; };
		A8F5B6121ACD03E700A91BC5 /* ALRAppDelegate.h */ = {isa = PBXFileReference; lastKnownFileType = sourcecode.c.h; path = ALRAppDelegate.h; sourceTree = "<group>"; };
		A8F5B6131ACD03E700A91BC5 /* ALRAppDelegate.m */ = {isa = PBXFileReference; lastKnownFileType = sourcecode.c.objc; path = ALRAppDelegate.m; sourceTree = "<group>"; };
		A8F5B61B1ACD03E700A91BC5 /* Images.xcassets */ = {isa = PBXFileReference; lastKnownFileType = folder.assetcatalog; path = Images.xcassets; sourceTree = "<group>"; };
		A8F5B61E1ACD03E700A91BC5 /* Base */ = {isa = PBXFileReference; lastKnownFileType = file.xib; name = Base; path = Base.lproj/LaunchScreen.xib; sourceTree = "<group>"; };
		A8F5B6241ACD03E700A91BC5 /* AutoLayoutRecipesTests.xctest */ = {isa = PBXFileReference; explicitFileType = wrapper.cfbundle; includeInIndex = 0; path = AutoLayoutRecipesTests.xctest; sourceTree = BUILT_PRODUCTS_DIR; };
		A8F5B6291ACD03E700A91BC5 /* Info.plist */ = {isa = PBXFileReference; lastKnownFileType = text.plist.xml; path = Info.plist; sourceTree = "<group>"; };
		A8F5B62A1ACD03E700A91BC5 /* AutoLayoutRecipesTests.m */ = {isa = PBXFileReference; lastKnownFileType = sourcecode.c.objc; path = AutoLayoutRecipesTests.m; sourceTree = "<group>"; };
		A8F5B6341ACD04A800A91BC5 /* ALRMainMenuViewController.h */ = {isa = PBXFileReference; fileEncoding = 4; lastKnownFileType = sourcecode.c.h; path = ALRMainMenuViewController.h; sourceTree = "<group>"; };
		A8F5B6351ACD04A800A91BC5 /* ALRMainMenuViewController.m */ = {isa = PBXFileReference; fileEncoding = 4; lastKnownFileType = sourcecode.c.objc; path = ALRMainMenuViewController.m; sourceTree = "<group>"; };
/* End PBXFileReference section */

/* Begin PBXFrameworksBuildPhase section */
		A8F5B6081ACD03E700A91BC5 /* Frameworks */ = {
			isa = PBXFrameworksBuildPhase;
			buildActionMask = 2147483647;
			files = (
			);
			runOnlyForDeploymentPostprocessing = 0;
		};
		A8F5B6211ACD03E700A91BC5 /* Frameworks */ = {
			isa = PBXFrameworksBuildPhase;
			buildActionMask = 2147483647;
			files = (
			);
			runOnlyForDeploymentPostprocessing = 0;
		};
/* End PBXFrameworksBuildPhase section */

/* Begin PBXGroup section */
		A8F5B6021ACD03E700A91BC5 = {
			isa = PBXGroup;
			children = (
				A8F5B60D1ACD03E700A91BC5 /* AutoLayoutRecipes */,
				A8F5B6271ACD03E700A91BC5 /* AutoLayoutRecipesTests */,
				A8F5B60C1ACD03E700A91BC5 /* Products */,
			);
			sourceTree = "<group>";
		};
		A8F5B60C1ACD03E700A91BC5 /* Products */ = {
			isa = PBXGroup;
			children = (
				A8F5B60B1ACD03E700A91BC5 /* AutoLayoutRecipes.app */,
				A8F5B6241ACD03E700A91BC5 /* AutoLayoutRecipesTests.xctest */,
			);
			name = Products;
			sourceTree = "<group>";
		};
		A8F5B60D1ACD03E700A91BC5 /* AutoLayoutRecipes */ = {
			isa = PBXGroup;
			children = (
				A8F5B6121ACD03E700A91BC5 /* ALRAppDelegate.h */,
				A8F5B6131ACD03E700A91BC5 /* ALRAppDelegate.m */,
				A8F5B6341ACD04A800A91BC5 /* ALRMainMenuViewController.h */,
				A8F5B6351ACD04A800A91BC5 /* ALRMainMenuViewController.m */,
				A8F5B61B1ACD03E700A91BC5 /* Images.xcassets */,
				A8F5B61D1ACD03E700A91BC5 /* LaunchScreen.xib */,
				A8F5B60E1ACD03E700A91BC5 /* Supporting Files */,
			);
			path = AutoLayoutRecipes;
			sourceTree = "<group>";
		};
		A8F5B60E1ACD03E700A91BC5 /* Supporting Files */ = {
			isa = PBXGroup;
			children = (
				A8F5B60F1ACD03E700A91BC5 /* Info.plist */,
				A8F5B6101ACD03E700A91BC5 /* main.m */,
			);
			name = "Supporting Files";
			sourceTree = "<group>";
		};
		A8F5B6271ACD03E700A91BC5 /* AutoLayoutRecipesTests */ = {
			isa = PBXGroup;
			children = (
				A8F5B62A1ACD03E700A91BC5 /* AutoLayoutRecipesTests.m */,
				A8F5B6281ACD03E700A91BC5 /* Supporting Files */,
			);
			path = AutoLayoutRecipesTests;
			sourceTree = "<group>";
		};
		A8F5B6281ACD03E700A91BC5 /* Supporting Files */ = {
			isa = PBXGroup;
			children = (
				A8F5B6291ACD03E700A91BC5 /* Info.plist */,
			);
			name = "Supporting Files";
			sourceTree = "<group>";
		};
/* End PBXGroup section */

/* Begin PBXNativeTarget section */
		A8F5B60A1ACD03E700A91BC5 /* AutoLayoutRecipes */ = {
			isa = PBXNativeTarget;
			buildConfigurationList = A8F5B62E1ACD03E700A91BC5 /* Build configuration list for PBXNativeTarget "AutoLayoutRecipes" */;
			buildPhases = (
				A8F5B6071ACD03E700A91BC5 /* Sources */,
				A8F5B6081ACD03E700A91BC5 /* Frameworks */,
				A8F5B6091ACD03E700A91BC5 /* Resources */,
			);
			buildRules = (
			);
			dependencies = (
			);
			name = AutoLayoutRecipes;
			productName = AutoLayoutRecipes;
			productReference = A8F5B60B1ACD03E700A91BC5 /* AutoLayoutRecipes.app */;
			productType = "com.apple.product-type.application";
		};
		A8F5B6231ACD03E700A91BC5 /* AutoLayoutRecipesTests */ = {
			isa = PBXNativeTarget;
			buildConfigurationList = A8F5B6311ACD03E700A91BC5 /* Build configuration list for PBXNativeTarget "AutoLayoutRecipesTests" */;
			buildPhases = (
				A8F5B6201ACD03E700A91BC5 /* Sources */,
				A8F5B6211ACD03E700A91BC5 /* Frameworks */,
				A8F5B6221ACD03E700A91BC5 /* Resources */,
			);
			buildRules = (
			);
			dependencies = (
				A8F5B6261ACD03E700A91BC5 /* PBXTargetDependency */,
			);
			name = AutoLayoutRecipesTests;
			productName = AutoLayoutRecipesTests;
			productReference = A8F5B6241ACD03E700A91BC5 /* AutoLayoutRecipesTests.xctest */;
			productType = "com.apple.product-type.bundle.unit-test";
		};
/* End PBXNativeTarget section */

/* Begin PBXProject section */
		A8F5B6031ACD03E700A91BC5 /* Project object */ = {
			isa = PBXProject;
			attributes = {
				LastUpgradeCheck = 0610;
				ORGANIZATIONNAME = "Allen Cheung";
				TargetAttributes = {
					A8F5B60A1ACD03E700A91BC5 = {
						CreatedOnToolsVersion = 6.1.1;
					};
					A8F5B6231ACD03E700A91BC5 = {
						CreatedOnToolsVersion = 6.1.1;
						TestTargetID = A8F5B60A1ACD03E700A91BC5;
					};
				};
			};
			buildConfigurationList = A8F5B6061ACD03E700A91BC5 /* Build configuration list for PBXProject "AutoLayoutRecipes" */;
			compatibilityVersion = "Xcode 3.2";
			developmentRegion = English;
			hasScannedForEncodings = 0;
			knownRegions = (
				en,
				Base,
			);
			mainGroup = A8F5B6021ACD03E700A91BC5;
			productRefGroup = A8F5B60C1ACD03E700A91BC5 /* Products */;
			projectDirPath = "";
			projectRoot = "";
			targets = (
				A8F5B60A1ACD03E700A91BC5 /* AutoLayoutRecipes */,
				A8F5B6231ACD03E700A91BC5 /* AutoLayoutRecipesTests */,
			);
		};
/* End PBXProject section */

/* Begin PBXResourcesBuildPhase section */
		A8F5B6091ACD03E700A91BC5 /* Resources */ = {
			isa = PBXResourcesBuildPhase;
			buildActionMask = 2147483647;
			files = (
				A8F5B61F1ACD03E700A91BC5 /* LaunchScreen.xib in Resources */,
				A8F5B61C1ACD03E700A91BC5 /* Images.xcassets in Resources */,
			);
			runOnlyForDeploymentPostprocessing = 0;
		};
		A8F5B6221ACD03E700A91BC5 /* Resources */ = {
			isa = PBXResourcesBuildPhase;
			buildActionMask = 2147483647;
			files = (
			);
			runOnlyForDeploymentPostprocessing = 0;
		};
/* End PBXResourcesBuildPhase section */

/* Begin PBXSourcesBuildPhase section */
		A8F5B6071ACD03E700A91BC5 /* Sources */ = {
			isa = PBXSourcesBuildPhase;
			buildActionMask = 2147483647;
			files = (
				A8F5B6141ACD03E700A91BC5 /* ALRAppDelegate.m in Sources */,
				A8F5B6361ACD04A800A91BC5 /* ALRMainMenuViewController.m in Sources */,
				A8F5B6111ACD03E700A91BC5 /* main.m in Sources */,
			);
			runOnlyForDeploymentPostprocessing = 0;
		};
		A8F5B6201ACD03E700A91BC5 /* Sources */ = {
			isa = PBXSourcesBuildPhase;
			buildActionMask = 2147483647;
			files = (
				A8F5B62B1ACD03E700A91BC5 /* AutoLayoutRecipesTests.m in Sources */,
			);
			runOnlyForDeploymentPostprocessing = 0;
		};
/* End PBXSourcesBuildPhase section */

/* Begin PBXTargetDependency section */
		A8F5B6261ACD03E700A91BC5 /* PBXTargetDependency */ = {
			isa = PBXTargetDependency;
			target = A8F5B60A1ACD03E700A91BC5 /* AutoLayoutRecipes */;
			targetProxy = A8F5B6251ACD03E700A91BC5 /* PBXContainerItemProxy */;
		};
/* End PBXTargetDependency section */

/* Begin PBXVariantGroup section */
		A8F5B61D1ACD03E700A91BC5 /* LaunchScreen.xib */ = {
			isa = PBXVariantGroup;
			children = (
				A8F5B61E1ACD03E700A91BC5 /* Base */,
			);
			name = LaunchScreen.xib;
			sourceTree = "<group>";
		};
/* End PBXVariantGroup section */

/* Begin XCBuildConfiguration section */
		A8F5B62C1ACD03E700A91BC5 /* Debug */ = {
			isa = XCBuildConfiguration;
			buildSettings = {
				ALWAYS_SEARCH_USER_PATHS = NO;
				CLANG_CXX_LANGUAGE_STANDARD = "gnu++0x";
				CLANG_CXX_LIBRARY = "libc++";
				CLANG_ENABLE_MODULES = YES;
				CLANG_ENABLE_OBJC_ARC = YES;
				CLANG_WARN_BOOL_CONVERSION = YES;
				CLANG_WARN_CONSTANT_CONVERSION = YES;
				CLANG_WARN_DIRECT_OBJC_ISA_USAGE = YES_ERROR;
				CLANG_WARN_EMPTY_BODY = YES;
				CLANG_WARN_ENUM_CONVERSION = YES;
				CLANG_WARN_INT_CONVERSION = YES;
				CLANG_WARN_OBJC_ROOT_CLASS = YES_ERROR;
				CLANG_WARN_UNREACHABLE_CODE = YES;
				CLANG_WARN__DUPLICATE_METHOD_MATCH = YES;
				"CODE_SIGN_IDENTITY[sdk=iphoneos*]" = "iPhone Developer";
				COPY_PHASE_STRIP = NO;
				ENABLE_STRICT_OBJC_MSGSEND = YES;
				GCC_C_LANGUAGE_STANDARD = gnu99;
				GCC_DYNAMIC_NO_PIC = NO;
				GCC_OPTIMIZATION_LEVEL = 0;
				GCC_PREPROCESSOR_DEFINITIONS = (
					"DEBUG=1",
					"$(inherited)",
				);
				GCC_SYMBOLS_PRIVATE_EXTERN = NO;
				GCC_WARN_64_TO_32_BIT_CONVERSION = YES;
				GCC_WARN_ABOUT_RETURN_TYPE = YES_ERROR;
				GCC_WARN_UNDECLARED_SELECTOR = YES;
				GCC_WARN_UNINITIALIZED_AUTOS = YES_AGGRESSIVE;
				GCC_WARN_UNUSED_FUNCTION = YES;
				GCC_WARN_UNUSED_VARIABLE = YES;
				IPHONEOS_DEPLOYMENT_TARGET = 8.1;
				MTL_ENABLE_DEBUG_INFO = YES;
				ONLY_ACTIVE_ARCH = YES;
				SDKROOT = iphoneos;
				TARGETED_DEVICE_FAMILY = "1,2";
			};
			name = Debug;
		};
		A8F5B62D1ACD03E700A91BC5 /* Release */ = {
			isa = XCBuildConfiguration;
			buildSettings = {
				ALWAYS_SEARCH_USER_PATHS = NO;
				CLANG_CXX_LANGUAGE_STANDARD = "gnu++0x";
				CLANG_CXX_LIBRARY = "libc++";
				CLANG_ENABLE_MODULES = YES;
				CLANG_ENABLE_OBJC_ARC = YES;
				CLANG_WARN_BOOL_CONVERSION = YES;
				CLANG_WARN_CONSTANT_CONVERSION = YES;
				CLANG_WARN_DIRECT_OBJC_ISA_USAGE = YES_ERROR;
				CLANG_WARN_EMPTY_BODY = YES;
				CLANG_WARN_ENUM_CONVERSION = YES;
				CLANG_WARN_INT_CONVERSION = YES;
				CLANG_WARN_OBJC_ROOT_CLASS = YES_ERROR;
				CLANG_WARN_UNREACHABLE_CODE = YES;
				CLANG_WARN__DUPLICATE_METHOD_MATCH = YES;
				"CODE_SIGN_IDENTITY[sdk=iphoneos*]" = "iPhone Developer";
				COPY_PHASE_STRIP = YES;
				ENABLE_NS_ASSERTIONS = NO;
				ENABLE_STRICT_OBJC_MSGSEND = YES;
				GCC_C_LANGUAGE_STANDARD = gnu99;
				GCC_WARN_64_TO_32_BIT_CONVERSION = YES;
				GCC_WARN_ABOUT_RETURN_TYPE = YES_ERROR;
				GCC_WARN_UNDECLARED_SELECTOR = YES;
				GCC_WARN_UNINITIALIZED_AUTOS = YES_AGGRESSIVE;
				GCC_WARN_UNUSED_FUNCTION = YES;
				GCC_WARN_UNUSED_VARIABLE = YES;
				IPHONEOS_DEPLOYMENT_TARGET = 8.1;
				MTL_ENABLE_DEBUG_INFO = NO;
				SDKROOT = iphoneos;
				TARGETED_DEVICE_FAMILY = "1,2";
				VALIDATE_PRODUCT = YES;
			};
			name = Release;
		};
		A8F5B62F1ACD03E700A91BC5 /* Debug */ = {
			isa = XCBuildConfiguration;
			buildSettings = {
				ASSETCATALOG_COMPILER_APPICON_NAME = AppIcon;
				INFOPLIST_FILE = AutoLayoutRecipes/Info.plist;
				LD_RUNPATH_SEARCH_PATHS = "$(inherited) @executable_path/Frameworks";
				PRODUCT_NAME = "$(TARGET_NAME)";
			};
			name = Debug;
		};
		A8F5B6301ACD03E700A91BC5 /* Release */ = {
			isa = XCBuildConfiguration;
			buildSettings = {
				ASSETCATALOG_COMPILER_APPICON_NAME = AppIcon;
				INFOPLIST_FILE = AutoLayoutRecipes/Info.plist;
				LD_RUNPATH_SEARCH_PATHS = "$(inherited) @executable_path/Frameworks";
				PRODUCT_NAME = "$(TARGET_NAME)";
			};
			name = Release;
		};
		A8F5B6321ACD03E700A91BC5 /* Debug */ = {
			isa = XCBuildConfiguration;
			buildSettings = {
				BUNDLE_LOADER = "$(TEST_HOST)";
				FRAMEWORK_SEARCH_PATHS = (
					"$(SDKROOT)/Developer/Library/Frameworks",
					"$(inherited)",
				);
				GCC_PREPROCESSOR_DEFINITIONS = (
					"DEBUG=1",
					"$(inherited)",
				);
				INFOPLIST_FILE = AutoLayoutRecipesTests/Info.plist;
				LD_RUNPATH_SEARCH_PATHS = "$(inherited) @executable_path/Frameworks @loader_path/Frameworks";
				PRODUCT_NAME = "$(TARGET_NAME)";
				TEST_HOST = "$(BUILT_PRODUCTS_DIR)/AutoLayoutRecipes.app/AutoLayoutRecipes";
			};
			name = Debug;
		};
		A8F5B6331ACD03E700A91BC5 /* Release */ = {
			isa = XCBuildConfiguration;
			buildSettings = {
				BUNDLE_LOADER = "$(TEST_HOST)";
				FRAMEWORK_SEARCH_PATHS = (
					"$(SDKROOT)/Developer/Library/Frameworks",
					"$(inherited)",
				);
				INFOPLIST_FILE = AutoLayoutRecipesTests/Info.plist;
				LD_RUNPATH_SEARCH_PATHS = "$(inherited) @executable_path/Frameworks @loader_path/Frameworks";
				PRODUCT_NAME = "$(TARGET_NAME)";
				TEST_HOST = "$(BUILT_PRODUCTS_DIR)/AutoLayoutRecipes.app/AutoLayoutRecipes";
			};
			name = Release;
		};
/* End XCBuildConfiguration section */

/* Begin XCConfigurationList section */
		A8F5B6061ACD03E700A91BC5 /* Build configuration list for PBXProject "AutoLayoutRecipes" */ = {
			isa = XCConfigurationList;
			buildConfigurations = (
				A8F5B62C1ACD03E700A91BC5 /* Debug */,
				A8F5B62D1ACD03E700A91BC5 /* Release */,
			);
			defaultConfigurationIsVisible = 0;
			defaultConfigurationName = Release;
		};
		A8F5B62E1ACD03E700A91BC5 /* Build configuration list for PBXNativeTarget "AutoLayoutRecipes" */ = {
			isa = XCConfigurationList;
			buildConfigurations = (
				A8F5B62F1ACD03E700A91BC5 /* Debug */,
				A8F5B6301ACD03E700A91BC5 /* Release */,
			);
			defaultConfigurationIsVisible = 0;
			defaultConfigurationName = Release;
		};
		A8F5B6311ACD03E700A91BC5 /* Build configuration list for PBXNativeTarget "AutoLayoutRecipesTests" */ = {
			isa = XCConfigurationList;
			buildConfigurations = (
				A8F5B6321ACD03E700A91BC5 /* Debug */,
				A8F5B6331ACD03E700A91BC5 /* Release */,
			);
			defaultConfigurationIsVisible = 0;
			defaultConfigurationName = Release;
		};
/* End XCConfigurationList section */
	};
	rootObject = A8F5B6031ACD03E700A91BC5 /* Project object */;
}
